// !$*UTF8*$!
{
	archiveVersion = 1;
	classes = {
	};
	objectVersion = 46;
	objects = {

/* Begin PBXBuildFile section */
		656069A71E951C610004BBCF /* main.m in Sources */ = {isa = PBXBuildFile; fileRef = 656069A61E951C610004BBCF /* main.m */; };
		656069AA1E951C610004BBCF /* AppDelegate.m in Sources */ = {isa = PBXBuildFile; fileRef = 656069A91E951C610004BBCF /* AppDelegate.m */; };
		656069AD1E951C610004BBCF /* ViewController.m in Sources */ = {isa = PBXBuildFile; fileRef = 656069AC1E951C610004BBCF /* ViewController.m */; };
		656069B01E951C610004BBCF /* Main.storyboard in Resources */ = {isa = PBXBuildFile; fileRef = 656069AE1E951C610004BBCF /* Main.storyboard */; };
		656069B21E951C610004BBCF /* Assets.xcassets in Resources */ = {isa = PBXBuildFile; fileRef = 656069B11E951C610004BBCF /* Assets.xcassets */; };
		656069B51E951C610004BBCF /* LaunchScreen.storyboard in Resources */ = {isa = PBXBuildFile; fileRef = 656069B31E951C610004BBCF /* LaunchScreen.storyboard */; };
		656069CA1E951CDB0004BBCF /* UIColor+Hex.m in Sources */ = {isa = PBXBuildFile; fileRef = 656069C01E951CDB0004BBCF /* UIColor+Hex.m */; };
		656069CC1E951CDB0004BBCF /* UIImage+ZXExtension.m in Sources */ = {isa = PBXBuildFile; fileRef = 656069C41E951CDB0004BBCF /* UIImage+ZXExtension.m */; };
		656069CD1E951CDB0004BBCF /* UIView+SeparatorLine.m in Sources */ = {isa = PBXBuildFile; fileRef = 656069C61E951CDB0004BBCF /* UIView+SeparatorLine.m */; };
		656069CE1E951CDB0004BBCF /* UIView+ZXExtension.m in Sources */ = {isa = PBXBuildFile; fileRef = 656069C81E951CDB0004BBCF /* UIView+ZXExtension.m */; };
		656069FB1E95E8E50004BBCF /* UIScreen+ZXExtension.m in Sources */ = {isa = PBXBuildFile; fileRef = 656069FA1E95E8E50004BBCF /* UIScreen+ZXExtension.m */; };
		65B6E4011E9B769400E1BF99 /* UINavigationController+ZXExtension.m in Sources */ = {isa = PBXBuildFile; fileRef = 65B6E3FE1E9B769400E1BF99 /* UINavigationController+ZXExtension.m */; };
		65B6E4021E9B769400E1BF99 /* UIViewController+ZXExtension.m in Sources */ = {isa = PBXBuildFile; fileRef = 65B6E4001E9B769400E1BF99 /* UIViewController+ZXExtension.m */; };
		65B6E4071E9B76EE00E1BF99 /* UIBarButtonItem+Badge.m in Sources */ = {isa = PBXBuildFile; fileRef = 65B6E4041E9B76EE00E1BF99 /* UIBarButtonItem+Badge.m */; };
		65B6E4081E9B76EE00E1BF99 /* UIView+Badge.m in Sources */ = {isa = PBXBuildFile; fileRef = 65B6E4061E9B76EE00E1BF99 /* UIView+Badge.m */; };
		EA3100E1A739581A536029B2 /* libPods-ExtendObjc.a in Frameworks */ = {isa = PBXBuildFile; fileRef = 0D7AB4668BC35D15D8A369AD /* libPods-ExtendObjc.a */; };
/* End PBXBuildFile section */

/* Begin PBXFileReference section */
		0D7AB4668BC35D15D8A369AD /* libPods-ExtendObjc.a */ = {isa = PBXFileReference; explicitFileType = archive.ar; includeInIndex = 0; path = "libPods-ExtendObjc.a"; sourceTree = BUILT_PRODUCTS_DIR; };
		656069A21E951C610004BBCF /* ExtendObjc.app */ = {isa = PBXFileReference; explicitFileType = wrapper.application; includeInIndex = 0; path = ExtendObjc.app; sourceTree = BUILT_PRODUCTS_DIR; };
		656069A61E951C610004BBCF /* main.m */ = {isa = PBXFileReference; lastKnownFileType = sourcecode.c.objc; path = main.m; sourceTree = "<group>"; };
		656069A81E951C610004BBCF /* AppDelegate.h */ = {isa = PBXFileReference; lastKnownFileType = sourcecode.c.h; path = AppDelegate.h; sourceTree = "<group>"; };
		656069A91E951C610004BBCF /* AppDelegate.m */ = {isa = PBXFileReference; lastKnownFileType = sourcecode.c.objc; path = AppDelegate.m; sourceTree = "<group>"; };
		656069AB1E951C610004BBCF /* ViewController.h */ = {isa = PBXFileReference; lastKnownFileType = sourcecode.c.h; path = ViewController.h; sourceTree = "<group>"; };
		656069AC1E951C610004BBCF /* ViewController.m */ = {isa = PBXFileReference; lastKnownFileType = sourcecode.c.objc; path = ViewController.m; sourceTree = "<group>"; };
		656069AF1E951C610004BBCF /* Base */ = {isa = PBXFileReference; lastKnownFileType = file.storyboard; name = Base; path = Base.lproj/Main.storyboard; sourceTree = "<group>"; };
		656069B11E951C610004BBCF /* Assets.xcassets */ = {isa = PBXFileReference; lastKnownFileType = folder.assetcatalog; path = Assets.xcassets; sourceTree = "<group>"; };
		656069B41E951C610004BBCF /* Base */ = {isa = PBXFileReference; lastKnownFileType = file.storyboard; name = Base; path = Base.lproj/LaunchScreen.storyboard; sourceTree = "<group>"; };
		656069B61E951C610004BBCF /* Info.plist */ = {isa = PBXFileReference; lastKnownFileType = text.plist.xml; path = Info.plist; sourceTree = "<group>"; };
		656069BF1E951CDB0004BBCF /* UIColor+Hex.h */ = {isa = PBXFileReference; fileEncoding = 4; lastKnownFileType = sourcecode.c.h; path = "UIColor+Hex.h"; sourceTree = "<group>"; };
		656069C01E951CDB0004BBCF /* UIColor+Hex.m */ = {isa = PBXFileReference; fileEncoding = 4; lastKnownFileType = sourcecode.c.objc; path = "UIColor+Hex.m"; sourceTree = "<group>"; };
		656069C31E951CDB0004BBCF /* UIImage+ZXExtension.h */ = {isa = PBXFileReference; fileEncoding = 4; lastKnownFileType = sourcecode.c.h; path = "UIImage+ZXExtension.h"; sourceTree = "<group>"; };
		656069C41E951CDB0004BBCF /* UIImage+ZXExtension.m */ = {isa = PBXFileReference; fileEncoding = 4; lastKnownFileType = sourcecode.c.objc; path = "UIImage+ZXExtension.m"; sourceTree = "<group>"; };
		656069C51E951CDB0004BBCF /* UIView+SeparatorLine.h */ = {isa = PBXFileReference; fileEncoding = 4; lastKnownFileType = sourcecode.c.h; path = "UIView+SeparatorLine.h"; sourceTree = "<group>"; };
		656069C61E951CDB0004BBCF /* UIView+SeparatorLine.m */ = {isa = PBXFileReference; fileEncoding = 4; lastKnownFileType = sourcecode.c.objc; path = "UIView+SeparatorLine.m"; sourceTree = "<group>"; };
		656069C71E951CDB0004BBCF /* UIView+ZXExtension.h */ = {isa = PBXFileReference; fileEncoding = 4; lastKnownFileType = sourcecode.c.h; path = "UIView+ZXExtension.h"; sourceTree = "<group>"; };
		656069C81E951CDB0004BBCF /* UIView+ZXExtension.m */ = {isa = PBXFileReference; fileEncoding = 4; lastKnownFileType = sourcecode.c.objc; path = "UIView+ZXExtension.m"; sourceTree = "<group>"; };
		656069F51E951F850004BBCF /* ZxExtension.h */ = {isa = PBXFileReference; lastKnownFileType = sourcecode.c.h; path = ZxExtension.h; sourceTree = "<group>"; };
		656069F91E95E8E50004BBCF /* UIScreen+ZXExtension.h */ = {isa = PBXFileReference; fileEncoding = 4; lastKnownFileType = sourcecode.c.h; path = "UIScreen+ZXExtension.h"; sourceTree = "<group>"; };
		656069FA1E95E8E50004BBCF /* UIScreen+ZXExtension.m */ = {isa = PBXFileReference; fileEncoding = 4; lastKnownFileType = sourcecode.c.objc; path = "UIScreen+ZXExtension.m"; sourceTree = "<group>"; };
		65B6E3FD1E9B769400E1BF99 /* UINavigationController+ZXExtension.h */ = {isa = PBXFileReference; fileEncoding = 4; lastKnownFileType = sourcecode.c.h; path = "UINavigationController+ZXExtension.h"; sourceTree = "<group>"; };
		65B6E3FE1E9B769400E1BF99 /* UINavigationController+ZXExtension.m */ = {isa = PBXFileReference; fileEncoding = 4; lastKnownFileType = sourcecode.c.objc; path = "UINavigationController+ZXExtension.m"; sourceTree = "<group>"; };
		65B6E3FF1E9B769400E1BF99 /* UIViewController+ZXExtension.h */ = {isa = PBXFileReference; fileEncoding = 4; lastKnownFileType = sourcecode.c.h; path = "UIViewController+ZXExtension.h"; sourceTree = "<group>"; };
		65B6E4001E9B769400E1BF99 /* UIViewController+ZXExtension.m */ = {isa = PBXFileReference; fileEncoding = 4; lastKnownFileType = sourcecode.c.objc; path = "UIViewController+ZXExtension.m"; sourceTree = "<group>"; };
		65B6E4031E9B76EE00E1BF99 /* UIBarButtonItem+Badge.h */ = {isa = PBXFileReference; fileEncoding = 4; lastKnownFileType = sourcecode.c.h; path = "UIBarButtonItem+Badge.h"; sourceTree = "<group>"; };
		65B6E4041E9B76EE00E1BF99 /* UIBarButtonItem+Badge.m */ = {isa = PBXFileReference; fileEncoding = 4; lastKnownFileType = sourcecode.c.objc; path = "UIBarButtonItem+Badge.m"; sourceTree = "<group>"; };
		65B6E4051E9B76EE00E1BF99 /* UIView+Badge.h */ = {isa = PBXFileReference; fileEncoding = 4; lastKnownFileType = sourcecode.c.h; path = "UIView+Badge.h"; sourceTree = "<group>"; };
		65B6E4061E9B76EE00E1BF99 /* UIView+Badge.m */ = {isa = PBXFileReference; fileEncoding = 4; lastKnownFileType = sourcecode.c.objc; path = "UIView+Badge.m"; sourceTree = "<group>"; };
		7082C30B6D51E946D9EEDD07 /* Pods-ExtendObjc.release.xcconfig */ = {isa = PBXFileReference; includeInIndex = 1; lastKnownFileType = text.xcconfig; name = "Pods-ExtendObjc.release.xcconfig"; path = "Pods/Target Support Files/Pods-ExtendObjc/Pods-ExtendObjc.release.xcconfig"; sourceTree = "<group>"; };
		C3BCB7DA7E9F059B770CDBFD /* Pods-ExtendObjc.debug.xcconfig */ = {isa = PBXFileReference; includeInIndex = 1; lastKnownFileType = text.xcconfig; name = "Pods-ExtendObjc.debug.xcconfig"; path = "Pods/Target Support Files/Pods-ExtendObjc/Pods-ExtendObjc.debug.xcconfig"; sourceTree = "<group>"; };
/* End PBXFileReference section */

/* Begin PBXFrameworksBuildPhase section */
		6560699F1E951C610004BBCF /* Frameworks */ = {
			isa = PBXFrameworksBuildPhase;
			buildActionMask = 2147483647;
			files = (
				EA3100E1A739581A536029B2 /* libPods-ExtendObjc.a in Frameworks */,
			);
			runOnlyForDeploymentPostprocessing = 0;
		};
/* End PBXFrameworksBuildPhase section */

/* Begin PBXGroup section */
		656069991E951C610004BBCF = {
			isa = PBXGroup;
			children = (
				656069A41E951C610004BBCF /* ExtendObjc */,
				656069A31E951C610004BBCF /* Products */,
				6A2F9AEB6C3F9AF382E70565 /* Pods */,
				D5FDCCC02C06F4FB07445C09 /* Frameworks */,
			);
			sourceTree = "<group>";
		};
		656069A31E951C610004BBCF /* Products */ = {
			isa = PBXGroup;
			children = (
				656069A21E951C610004BBCF /* ExtendObjc.app */,
			);
			name = Products;
			sourceTree = "<group>";
		};
		656069A41E951C610004BBCF /* ExtendObjc */ = {
			isa = PBXGroup;
			children = (
				656069A81E951C610004BBCF /* AppDelegate.h */,
				656069A91E951C610004BBCF /* AppDelegate.m */,
				656069AB1E951C610004BBCF /* ViewController.h */,
				656069AC1E951C610004BBCF /* ViewController.m */,
				656069BC1E951CDB0004BBCF /* zx_lib */,
				656069AE1E951C610004BBCF /* Main.storyboard */,
				656069B11E951C610004BBCF /* Assets.xcassets */,
				656069B31E951C610004BBCF /* LaunchScreen.storyboard */,
				656069B61E951C610004BBCF /* Info.plist */,
				656069A51E951C610004BBCF /* Supporting Files */,
			);
			path = ExtendObjc;
			sourceTree = "<group>";
		};
		656069A51E951C610004BBCF /* Supporting Files */ = {
			isa = PBXGroup;
			children = (
				656069A61E951C610004BBCF /* main.m */,
			);
			name = "Supporting Files";
			sourceTree = "<group>";
		};
		656069BC1E951CDB0004BBCF /* zx_lib */ = {
			isa = PBXGroup;
			children = (
				656069BF1E951CDB0004BBCF /* UIColor+Hex.h */,
				656069C01E951CDB0004BBCF /* UIColor+Hex.m */,
				656069C31E951CDB0004BBCF /* UIImage+ZXExtension.h */,
				656069C41E951CDB0004BBCF /* UIImage+ZXExtension.m */,
				656069C51E951CDB0004BBCF /* UIView+SeparatorLine.h */,
				656069C61E951CDB0004BBCF /* UIView+SeparatorLine.m */,
				656069C71E951CDB0004BBCF /* UIView+ZXExtension.h */,
				656069C81E951CDB0004BBCF /* UIView+ZXExtension.m */,
				65B6E4051E9B76EE00E1BF99 /* UIView+Badge.h */,
				65B6E4061E9B76EE00E1BF99 /* UIView+Badge.m */,
				65B6E4031E9B76EE00E1BF99 /* UIBarButtonItem+Badge.h */,
				65B6E4041E9B76EE00E1BF99 /* UIBarButtonItem+Badge.m */,
				656069F91E95E8E50004BBCF /* UIScreen+ZXExtension.h */,
				656069FA1E95E8E50004BBCF /* UIScreen+ZXExtension.m */,
				65B6E3FD1E9B769400E1BF99 /* UINavigationController+ZXExtension.h */,
				65B6E3FE1E9B769400E1BF99 /* UINavigationController+ZXExtension.m */,
				65B6E3FF1E9B769400E1BF99 /* UIViewController+ZXExtension.h */,
				65B6E4001E9B769400E1BF99 /* UIViewController+ZXExtension.m */,
				656069F51E951F850004BBCF /* ZxExtension.h */,
			);
			path = zx_lib;
			sourceTree = "<group>";
		};
		6A2F9AEB6C3F9AF382E70565 /* Pods */ = {
			isa = PBXGroup;
			children = (
				C3BCB7DA7E9F059B770CDBFD /* Pods-ExtendObjc.debug.xcconfig */,
				7082C30B6D51E946D9EEDD07 /* Pods-ExtendObjc.release.xcconfig */,
			);
			name = Pods;
			sourceTree = "<group>";
		};
		D5FDCCC02C06F4FB07445C09 /* Frameworks */ = {
			isa = PBXGroup;
			children = (
				0D7AB4668BC35D15D8A369AD /* libPods-ExtendObjc.a */,
			);
			name = Frameworks;
			sourceTree = "<group>";
		};
/* End PBXGroup section */

/* Begin PBXNativeTarget section */
		656069A11E951C610004BBCF /* ExtendObjc */ = {
			isa = PBXNativeTarget;
			buildConfigurationList = 656069B91E951C610004BBCF /* Build configuration list for PBXNativeTarget "ExtendObjc" */;
			buildPhases = (
				3948C456979C8AB09871EB04 /* [CP] Check Pods Manifest.lock */,
				6560699E1E951C610004BBCF /* Sources */,
				6560699F1E951C610004BBCF /* Frameworks */,
				656069A01E951C610004BBCF /* Resources */,
				DE464A250390C7B4B6B3911A /* [CP] Embed Pods Frameworks */,
				0B62D84A8E61BED5C7A45926 /* [CP] Copy Pods Resources */,
			);
			buildRules = (
			);
			dependencies = (
			);
			name = ExtendObjc;
			productName = ExtendObjc;
			productReference = 656069A21E951C610004BBCF /* ExtendObjc.app */;
			productType = "com.apple.product-type.application";
		};
/* End PBXNativeTarget section */

/* Begin PBXProject section */
		6560699A1E951C610004BBCF /* Project object */ = {
			isa = PBXProject;
			attributes = {
				LastUpgradeCheck = 0830;
				ORGANIZATIONNAME = briceZhao;
				TargetAttributes = {
					656069A11E951C610004BBCF = {
						CreatedOnToolsVersion = 8.3;
						DevelopmentTeam = 4TRSC3PGTH;
						ProvisioningStyle = Automatic;
					};
				};
			};
			buildConfigurationList = 6560699D1E951C610004BBCF /* Build configuration list for PBXProject "ExtendObjc" */;
			compatibilityVersion = "Xcode 3.2";
			developmentRegion = English;
			hasScannedForEncodings = 0;
			knownRegions = (
				en,
				Base,
			);
			mainGroup = 656069991E951C610004BBCF;
			productRefGroup = 656069A31E951C610004BBCF /* Products */;
			projectDirPath = "";
			projectRoot = "";
			targets = (
				656069A11E951C610004BBCF /* ExtendObjc */,
			);
		};
/* End PBXProject section */

/* Begin PBXResourcesBuildPhase section */
		656069A01E951C610004BBCF /* Resources */ = {
			isa = PBXResourcesBuildPhase;
			buildActionMask = 2147483647;
			files = (
				656069B51E951C610004BBCF /* LaunchScreen.storyboard in Resources */,
				656069B21E951C610004BBCF /* Assets.xcassets in Resources */,
				656069B01E951C610004BBCF /* Main.storyboard in Resources */,
			);
			runOnlyForDeploymentPostprocessing = 0;
		};
/* End PBXResourcesBuildPhase section */

/* Begin PBXShellScriptBuildPhase section */
		0B62D84A8E61BED5C7A45926 /* [CP] Copy Pods Resources */ = {
			isa = PBXShellScriptBuildPhase;
			buildActionMask = 2147483647;
			files = (
			);
			inputPaths = (
			);
			name = "[CP] Copy Pods Resources";
			outputPaths = (
			);
			runOnlyForDeploymentPostprocessing = 0;
			shellPath = /bin/sh;
			shellScript = "\"${SRCROOT}/Pods/Target Support Files/Pods-ExtendObjc/Pods-ExtendObjc-resources.sh\"\n";
			showEnvVarsInLog = 0;
		};
		3948C456979C8AB09871EB04 /* [CP] Check Pods Manifest.lock */ = {
			isa = PBXShellScriptBuildPhase;
			buildActionMask = 2147483647;
			files = (
			);
			inputPaths = (
			);
			name = "[CP] Check Pods Manifest.lock";
			outputPaths = (
			);
			runOnlyForDeploymentPostprocessing = 0;
			shellPath = /bin/sh;
			shellScript = "diff \"${PODS_ROOT}/../Podfile.lock\" \"${PODS_ROOT}/Manifest.lock\" > /dev/null\nif [ $? != 0 ] ; then\n    # print error to STDERR\n    echo \"error: The sandbox is not in sync with the Podfile.lock. Run 'pod install' or update your CocoaPods installation.\" >&2\n    exit 1\nfi\n";
			showEnvVarsInLog = 0;
		};
		DE464A250390C7B4B6B3911A /* [CP] Embed Pods Frameworks */ = {
			isa = PBXShellScriptBuildPhase;
			buildActionMask = 2147483647;
			files = (
			);
			inputPaths = (
			);
			name = "[CP] Embed Pods Frameworks";
			outputPaths = (
			);
			runOnlyForDeploymentPostprocessing = 0;
			shellPath = /bin/sh;
			shellScript = "\"${SRCROOT}/Pods/Target Support Files/Pods-ExtendObjc/Pods-ExtendObjc-frameworks.sh\"\n";
			showEnvVarsInLog = 0;
		};
/* End PBXShellScriptBuildPhase section */

/* Begin PBXSourcesBuildPhase section */
		6560699E1E951C610004BBCF /* Sources */ = {
			isa = PBXSourcesBuildPhase;
			buildActionMask = 2147483647;
			files = (
				65B6E4081E9B76EE00E1BF99 /* UIView+Badge.m in Sources */,
				656069AD1E951C610004BBCF /* ViewController.m in Sources */,
				656069CA1E951CDB0004BBCF /* UIColor+Hex.m in Sources */,
				656069AA1E951C610004BBCF /* AppDelegate.m in Sources */,
				656069FB1E95E8E50004BBCF /* UIScreen+ZXExtension.m in Sources */,
				65B6E4071E9B76EE00E1BF99 /* UIBarButtonItem+Badge.m in Sources */,
				656069A71E951C610004BBCF /* main.m in Sources */,
				65B6E4011E9B769400E1BF99 /* UINavigationController+ZXExtension.m in Sources */,
				65B6E4021E9B769400E1BF99 /* UIViewController+ZXExtension.m in Sources */,
				656069CE1E951CDB0004BBCF /* UIView+ZXExtension.m in Sources */,
				656069CD1E951CDB0004BBCF /* UIView+SeparatorLine.m in Sources */,
				656069CC1E951CDB0004BBCF /* UIImage+ZXExtension.m in Sources */,
			);
			runOnlyForDeploymentPostprocessing = 0;
		};
/* End PBXSourcesBuildPhase section */

/* Begin PBXVariantGroup section */
		656069AE1E951C610004BBCF /* Main.storyboard */ = {
			isa = PBXVariantGroup;
			children = (
				656069AF1E951C610004BBCF /* Base */,
			);
			name = Main.storyboard;
			sourceTree = "<group>";
		};
		656069B31E951C610004BBCF /* LaunchScreen.storyboard */ = {
			isa = PBXVariantGroup;
			children = (
				656069B41E951C610004BBCF /* Base */,
			);
			name = LaunchScreen.storyboard;
			sourceTree = "<group>";
		};
/* End PBXVariantGroup section */

/* Begin XCBuildConfiguration section */
		656069B71E951C610004BBCF /* Debug */ = {
			isa = XCBuildConfiguration;
			buildSettings = {
				ALWAYS_SEARCH_USER_PATHS = NO;
				CLANG_ANALYZER_NONNULL = YES;
				CLANG_ANALYZER_NUMBER_OBJECT_CONVERSION = YES_AGGRESSIVE;
				CLANG_CXX_LANGUAGE_STANDARD = "gnu++0x";
				CLANG_CXX_LIBRARY = "libc++";
				CLANG_ENABLE_MODULES = YES;
				CLANG_ENABLE_OBJC_ARC = YES;
				CLANG_WARN_BOOL_CONVERSION = YES;
				CLANG_WARN_CONSTANT_CONVERSION = YES;
				CLANG_WARN_DIRECT_OBJC_ISA_USAGE = YES_ERROR;
				CLANG_WARN_DOCUMENTATION_COMMENTS = YES;
				CLANG_WARN_EMPTY_BODY = YES;
				CLANG_WARN_ENUM_CONVERSION = YES;
				CLANG_WARN_INFINITE_RECURSION = YES;
				CLANG_WARN_INT_CONVERSION = YES;
				CLANG_WARN_OBJC_ROOT_CLASS = YES_ERROR;
				CLANG_WARN_SUSPICIOUS_MOVE = YES;
				CLANG_WARN_UNREACHABLE_CODE = YES;
				CLANG_WARN__DUPLICATE_METHOD_MATCH = YES;
				"CODE_SIGN_IDENTITY[sdk=iphoneos*]" = "iPhone Developer";
				COPY_PHASE_STRIP = NO;
				DEBUG_INFORMATION_FORMAT = dwarf;
				ENABLE_STRICT_OBJC_MSGSEND = YES;
				ENABLE_TESTABILITY = YES;
				GCC_C_LANGUAGE_STANDARD = gnu99;
				GCC_DYNAMIC_NO_PIC = NO;
				GCC_NO_COMMON_BLOCKS = YES;
				GCC_OPTIMIZATION_LEVEL = 0;
				GCC_PREPROCESSOR_DEFINITIONS = (
					"DEBUG=1",
					"$(inherited)",
				);
				GCC_WARN_64_TO_32_BIT_CONVERSION = YES;
				GCC_WARN_ABOUT_RETURN_TYPE = YES_ERROR;
				GCC_WARN_UNDECLARED_SELECTOR = YES;
				GCC_WARN_UNINITIALIZED_AUTOS = YES_AGGRESSIVE;
				GCC_WARN_UNUSED_FUNCTION = YES;
				GCC_WARN_UNUSED_VARIABLE = YES;
				IPHONEOS_DEPLOYMENT_TARGET = 10.3;
				MTL_ENABLE_DEBUG_INFO = YES;
				ONLY_ACTIVE_ARCH = YES;
				SDKROOT = iphoneos;
			};
			name = Debug;
		};
		656069B81E951C610004BBCF /* Release */ = {
			isa = XCBuildConfiguration;
			buildSettings = {
				ALWAYS_SEARCH_USER_PATHS = NO;
				CLANG_ANALYZER_NONNULL = YES;
				CLANG_ANALYZER_NUMBER_OBJECT_CONVERSION = YES_AGGRESSIVE;
				CLANG_CXX_LANGUAGE_STANDARD = "gnu++0x";
				CLANG_CXX_LIBRARY = "libc++";
				CLANG_ENABLE_MODULES = YES;
				CLANG_ENABLE_OBJC_ARC = YES;
				CLANG_WARN_BOOL_CONVERSION = YES;
				CLANG_WARN_CONSTANT_CONVERSION = YES;
				CLANG_WARN_DIRECT_OBJC_ISA_USAGE = YES_ERROR;
				CLANG_WARN_DOCUMENTATION_COMMENTS = YES;
				CLANG_WARN_EMPTY_BODY = YES;
				CLANG_WARN_ENUM_CONVERSION = YES;
				CLANG_WARN_INFINITE_RECURSION = YES;
				CLANG_WARN_INT_CONVERSION = YES;
				CLANG_WARN_OBJC_ROOT_CLASS = YES_ERROR;
				CLANG_WARN_SUSPICIOUS_MOVE = YES;
				CLANG_WARN_UNREACHABLE_CODE = YES;
				CLANG_WARN__DUPLICATE_METHOD_MATCH = YES;
				"CODE_SIGN_IDENTITY[sdk=iphoneos*]" = "iPhone Developer";
				COPY_PHASE_STRIP = NO;
				DEBUG_INFORMATION_FORMAT = "dwarf-with-dsym";
				ENABLE_NS_ASSERTIONS = NO;
				ENABLE_STRICT_OBJC_MSGSEND = YES;
				GCC_C_LANGUAGE_STANDARD = gnu99;
				GCC_NO_COMMON_BLOCKS = YES;
				GCC_WARN_64_TO_32_BIT_CONVERSION = YES;
				GCC_WARN_ABOUT_RETURN_TYPE = YES_ERROR;
				GCC_WARN_UNDECLARED_SELECTOR = YES;
				GCC_WARN_UNINITIALIZED_AUTOS = YES_AGGRESSIVE;
				GCC_WARN_UNUSED_FUNCTION = YES;
				GCC_WARN_UNUSED_VARIABLE = YES;
				IPHONEOS_DEPLOYMENT_TARGET = 10.3;
				MTL_ENABLE_DEBUG_INFO = NO;
				SDKROOT = iphoneos;
				VALIDATE_PRODUCT = YES;
			};
			name = Release;
		};
		656069BA1E951C610004BBCF /* Debug */ = {
			isa = XCBuildConfiguration;
			baseConfigurationReference = C3BCB7DA7E9F059B770CDBFD /* Pods-ExtendObjc.debug.xcconfig */;
			buildSettings = {
				ASSETCATALOG_COMPILER_APPICON_NAME = AppIcon;
				DEVELOPMENT_TEAM = 4TRSC3PGTH;
				INFOPLIST_FILE = ExtendObjc/Info.plist;
				LD_RUNPATH_SEARCH_PATHS = "$(inherited) @executable_path/Frameworks";
				PRODUCT_BUNDLE_IDENTIFIER = com.briceZhao.ZXDropMenuView.ExtendObjc;
				PRODUCT_NAME = "$(TARGET_NAME)";
			};
			name = Debug;
		};
		656069BB1E951C610004BBCF /* Release */ = {
			isa = XCBuildConfiguration;
			baseConfigurationReference = 7082C30B6D51E946D9EEDD07 /* Pods-ExtendObjc.release.xcconfig */;
			buildSettings = {
				ASSETCATALOG_COMPILER_APPICON_NAME = AppIcon;
				DEVELOPMENT_TEAM = 4TRSC3PGTH;
				INFOPLIST_FILE = ExtendObjc/Info.plist;
				LD_RUNPATH_SEARCH_PATHS = "$(inherited) @executable_path/Frameworks";
				PRODUCT_BUNDLE_IDENTIFIER = com.briceZhao.ZXDropMenuView.ExtendObjc;
				PRODUCT_NAME = "$(TARGET_NAME)";
			};
			name = Release;
		};
/* End XCBuildConfiguration section */

/* Begin XCConfigurationList section */
		6560699D1E951C610004BBCF /* Build configuration list for PBXProject "ExtendObjc" */ = {
			isa = XCConfigurationList;
			buildConfigurations = (
				656069B71E951C610004BBCF /* Debug */,
				656069B81E951C610004BBCF /* Release */,
			);
			defaultConfigurationIsVisible = 0;
			defaultConfigurationName = Release;
		};
		656069B91E951C610004BBCF /* Build configuration list for PBXNativeTarget "ExtendObjc" */ = {
			isa = XCConfigurationList;
			buildConfigurations = (
				656069BA1E951C610004BBCF /* Debug */,
				656069BB1E951C610004BBCF /* Release */,
			);
			defaultConfigurationIsVisible = 0;
			defaultConfigurationName = Release;
		};
/* End XCConfigurationList section */
	};
	rootObject = 6560699A1E951C610004BBCF /* Project object */;
}
